
Microsoft Visual Studio Solution File, Format Version 12.00
# Visual Studio Version 17
VisualStudioVersion = 17.11.35327.3
MinimumVisualStudioVersion = 10.0.40219.1
Project("{FAE04EC0-301F-11D3-BF4B-00C04F79EFBC}") = "Estudantes", "Estudantes\Estudantes.csproj", "{64087E8E-A552-4B93-AE28-488A25AF1E5E}"
EndProject
Global
	GlobalSection(SolutionConfigurationPlatforms) = preSolution
		Debug|Any CPU = Debug|Any CPU
		Release|Any CPU = Release|Any CPU
	EndGlobalSection
	GlobalSection(ProjectConfigurationPlatforms) = postSolution
		{64087E8E-A552-4B93-AE28-488A25AF1E5E}.Debug|Any CPU.ActiveCfg = Debug|Any CPU
		{64087E8E-A552-4B93-AE28-488A25AF1E5E}.Debug|Any CPU.Build.0 = Debug|Any CPU
		{64087E8E-A552-4B93-AE28-488A25AF1E5E}.Release|Any CPU.ActiveCfg = Release|Any CPU
		{64087E8E-A552-4B93-AE28-488A25AF1E5E}.Release|Any CPU.Build.0 = Release|Any CPU
	EndGlobalSection
	GlobalSection(SolutionProperties) = preSolution
		HideSolutionNode = FALSE
	EndGlobalSection
	GlobalSection(ExtensibilityGlobals) = postSolution
		SolutionGuid = {F064339E-E09B-4DFB-9804-7A94A057241F}
	EndGlobalSection
EndGlobal
